
Microsoft Visual Studio Solution File, Format Version 12.00
# Visual Studio Version 16
VisualStudioVersion = 16.0.29519.181
MinimumVisualStudioVersion = 10.0.40219.1
Project("{FAE04EC0-301F-11D3-BF4B-00C04F79EFBC}") = "VmTests", "VmTests\VmTests.csproj", "{2D62AD98-0A78-4AAD-92E1-8D38AD785CD6}"
EndProject
Project("{FAE04EC0-301F-11D3-BF4B-00C04F79EFBC}") = "zfiFamilyRenameTool", "zfiFamilyRenameTool\zfiFamilyRenameTool.csproj", "{BD872A5A-DD08-4D76-A51E-4C5453DD141C}"
EndProject
Project("{9A19103F-16F7-4668-BE54-9A1E7A4F7556}") = "_build", "build\_build.csproj", "{DB811508-2F8E-42D1-A487-82604AE2B313}"
EndProject
Global
	GlobalSection(SolutionConfigurationPlatforms) = preSolution
		Debug|Any CPU = Debug|Any CPU
		Debug|x64 = Debug|x64
		R2015|Any CPU = R2015|Any CPU
		R2015|x64 = R2015|x64
		R2016|Any CPU = R2016|Any CPU
		R2016|x64 = R2016|x64
		R2017|Any CPU = R2017|Any CPU
		R2017|x64 = R2017|x64
		R2018|Any CPU = R2018|Any CPU
		R2018|x64 = R2018|x64
		R2019|Any CPU = R2019|Any CPU
		R2019|x64 = R2019|x64
		R2020|Any CPU = R2020|Any CPU
		R2020|x64 = R2020|x64
		Release|Any CPU = Release|Any CPU
		Release|x64 = Release|x64
	EndGlobalSection
	GlobalSection(ProjectConfigurationPlatforms) = postSolution
		{2D62AD98-0A78-4AAD-92E1-8D38AD785CD6}.Debug|Any CPU.ActiveCfg = Debug|Any CPU
		{2D62AD98-0A78-4AAD-92E1-8D38AD785CD6}.Debug|Any CPU.Build.0 = Debug|Any CPU
		{2D62AD98-0A78-4AAD-92E1-8D38AD785CD6}.Debug|x64.ActiveCfg = Debug|Any CPU
		{2D62AD98-0A78-4AAD-92E1-8D38AD785CD6}.Debug|x64.Build.0 = Debug|Any CPU
		{2D62AD98-0A78-4AAD-92E1-8D38AD785CD6}.R2015|Any CPU.ActiveCfg = Release|Any CPU
		{2D62AD98-0A78-4AAD-92E1-8D38AD785CD6}.R2015|Any CPU.Build.0 = Release|Any CPU
		{2D62AD98-0A78-4AAD-92E1-8D38AD785CD6}.R2015|x64.ActiveCfg = Release|Any CPU
		{2D62AD98-0A78-4AAD-92E1-8D38AD785CD6}.R2015|x64.Build.0 = Release|Any CPU
		{2D62AD98-0A78-4AAD-92E1-8D38AD785CD6}.R2016|Any CPU.ActiveCfg = Release|Any CPU
		{2D62AD98-0A78-4AAD-92E1-8D38AD785CD6}.R2016|Any CPU.Build.0 = Release|Any CPU
		{2D62AD98-0A78-4AAD-92E1-8D38AD785CD6}.R2016|x64.ActiveCfg = Release|Any CPU
		{2D62AD98-0A78-4AAD-92E1-8D38AD785CD6}.R2016|x64.Build.0 = Release|Any CPU
		{2D62AD98-0A78-4AAD-92E1-8D38AD785CD6}.R2017|Any CPU.ActiveCfg = Release|Any CPU
		{2D62AD98-0A78-4AAD-92E1-8D38AD785CD6}.R2017|Any CPU.Build.0 = Release|Any CPU
		{2D62AD98-0A78-4AAD-92E1-8D38AD785CD6}.R2017|x64.ActiveCfg = Release|Any CPU
		{2D62AD98-0A78-4AAD-92E1-8D38AD785CD6}.R2017|x64.Build.0 = Release|Any CPU
		{2D62AD98-0A78-4AAD-92E1-8D38AD785CD6}.R2018|Any CPU.ActiveCfg = Release|Any CPU
		{2D62AD98-0A78-4AAD-92E1-8D38AD785CD6}.R2018|Any CPU.Build.0 = Release|Any CPU
		{2D62AD98-0A78-4AAD-92E1-8D38AD785CD6}.R2018|x64.ActiveCfg = Release|Any CPU
		{2D62AD98-0A78-4AAD-92E1-8D38AD785CD6}.R2018|x64.Build.0 = Release|Any CPU
		{2D62AD98-0A78-4AAD-92E1-8D38AD785CD6}.R2019|Any CPU.ActiveCfg = Release|Any CPU
		{2D62AD98-0A78-4AAD-92E1-8D38AD785CD6}.R2019|Any CPU.Build.0 = Release|Any CPU
		{2D62AD98-0A78-4AAD-92E1-8D38AD785CD6}.R2019|x64.ActiveCfg = Release|Any CPU
		{2D62AD98-0A78-4AAD-92E1-8D38AD785CD6}.R2019|x64.Build.0 = Release|Any CPU
		{2D62AD98-0A78-4AAD-92E1-8D38AD785CD6}.R2020|Any CPU.ActiveCfg = Release|Any CPU
		{2D62AD98-0A78-4AAD-92E1-8D38AD785CD6}.R2020|Any CPU.Build.0 = Release|Any CPU
		{2D62AD98-0A78-4AAD-92E1-8D38AD785CD6}.R2020|x64.ActiveCfg = Release|Any CPU
		{2D62AD98-0A78-4AAD-92E1-8D38AD785CD6}.R2020|x64.Build.0 = Release|Any CPU
		{2D62AD98-0A78-4AAD-92E1-8D38AD785CD6}.Release|Any CPU.ActiveCfg = Release|Any CPU
		{2D62AD98-0A78-4AAD-92E1-8D38AD785CD6}.Release|Any CPU.Build.0 = Release|Any CPU
		{2D62AD98-0A78-4AAD-92E1-8D38AD785CD6}.Release|x64.ActiveCfg = Release|Any CPU
		{2D62AD98-0A78-4AAD-92E1-8D38AD785CD6}.Release|x64.Build.0 = Release|Any CPU
		{BD872A5A-DD08-4D76-A51E-4C5453DD141C}.Debug|Any CPU.ActiveCfg = Debug|x64
		{BD872A5A-DD08-4D76-A51E-4C5453DD141C}.Debug|x64.ActiveCfg = Debug|x64
		{BD872A5A-DD08-4D76-A51E-4C5453DD141C}.Debug|x64.Build.0 = Debug|x64
		{BD872A5A-DD08-4D76-A51E-4C5453DD141C}.R2015|Any CPU.ActiveCfg = R2015|x64
		{BD872A5A-DD08-4D76-A51E-4C5453DD141C}.R2015|x64.ActiveCfg = R2015|x64
		{BD872A5A-DD08-4D76-A51E-4C5453DD141C}.R2015|x64.Build.0 = R2015|x64
		{BD872A5A-DD08-4D76-A51E-4C5453DD141C}.R2016|Any CPU.ActiveCfg = R2016|x64
		{BD872A5A-DD08-4D76-A51E-4C5453DD141C}.R2016|x64.ActiveCfg = R2016|x64
		{BD872A5A-DD08-4D76-A51E-4C5453DD141C}.R2016|x64.Build.0 = R2016|x64
		{BD872A5A-DD08-4D76-A51E-4C5453DD141C}.R2017|Any CPU.ActiveCfg = R2017|x64
		{BD872A5A-DD08-4D76-A51E-4C5453DD141C}.R2017|x64.ActiveCfg = R2017|x64
		{BD872A5A-DD08-4D76-A51E-4C5453DD141C}.R2017|x64.Build.0 = R2017|x64
		{BD872A5A-DD08-4D76-A51E-4C5453DD141C}.R2018|Any CPU.ActiveCfg = R2018|x64
		{BD872A5A-DD08-4D76-A51E-4C5453DD141C}.R2018|x64.ActiveCfg = R2018|x64
		{BD872A5A-DD08-4D76-A51E-4C5453DD141C}.R2018|x64.Build.0 = R2018|x64
		{BD872A5A-DD08-4D76-A51E-4C5453DD141C}.R2019|Any CPU.ActiveCfg = R2019|x64
		{BD872A5A-DD08-4D76-A51E-4C5453DD141C}.R2019|x64.ActiveCfg = R2019|x64
		{BD872A5A-DD08-4D76-A51E-4C5453DD141C}.R2019|x64.Build.0 = R2019|x64
		{BD872A5A-DD08-4D76-A51E-4C5453DD141C}.R2020|Any CPU.ActiveCfg = R2020|x64
		{BD872A5A-DD08-4D76-A51E-4C5453DD141C}.R2020|x64.ActiveCfg = R2020|x64
		{BD872A5A-DD08-4D76-A51E-4C5453DD141C}.R2020|x64.Build.0 = R2020|x64
		{BD872A5A-DD08-4D76-A51E-4C5453DD141C}.Release|Any CPU.ActiveCfg = R2020|x64
		{BD872A5A-DD08-4D76-A51E-4C5453DD141C}.Release|Any CPU.Build.0 = R2020|x64
		{BD872A5A-DD08-4D76-A51E-4C5453DD141C}.Release|x64.ActiveCfg = R2020|x64
		{BD872A5A-DD08-4D76-A51E-4C5453DD141C}.Release|x64.Build.0 = R2020|x64
		{DB811508-2F8E-42D1-A487-82604AE2B313}.Debug|Any CPU.ActiveCfg = Debug|Any CPU
		{DB811508-2F8E-42D1-A487-82604AE2B313}.Debug|x64.ActiveCfg = Debug|Any CPU
		{DB811508-2F8E-42D1-A487-82604AE2B313}.Debug|x64.Build.0 = Debug|Any CPU
		{DB811508-2F8E-42D1-A487-82604AE2B313}.R2015|Any CPU.ActiveCfg = Release|Any CPU
		{DB811508-2F8E-42D1-A487-82604AE2B313}.R2015|Any CPU.Build.0 = Release|Any CPU
		{DB811508-2F8E-42D1-A487-82604AE2B313}.R2015|x64.ActiveCfg = Release|Any CPU
		{DB811508-2F8E-42D1-A487-82604AE2B313}.R2015|x64.Build.0 = Release|Any CPU
		{DB811508-2F8E-42D1-A487-82604AE2B313}.R2016|Any CPU.ActiveCfg = Release|Any CPU
		{DB811508-2F8E-42D1-A487-82604AE2B313}.R2016|Any CPU.Build.0 = Release|Any CPU
		{DB811508-2F8E-42D1-A487-82604AE2B313}.R2016|x64.ActiveCfg = Release|Any CPU
		{DB811508-2F8E-42D1-A487-82604AE2B313}.R2016|x64.Build.0 = Release|Any CPU
		{DB811508-2F8E-42D1-A487-82604AE2B313}.R2017|Any CPU.ActiveCfg = Release|Any CPU
		{DB811508-2F8E-42D1-A487-82604AE2B313}.R2017|Any CPU.Build.0 = Release|Any CPU
		{DB811508-2F8E-42D1-A487-82604AE2B313}.R2017|x64.ActiveCfg = Release|Any CPU
		{DB811508-2F8E-42D1-A487-82604AE2B313}.R2017|x64.Build.0 = Release|Any CPU
		{DB811508-2F8E-42D1-A487-82604AE2B313}.R2018|Any CPU.ActiveCfg = Release|Any CPU
		{DB811508-2F8E-42D1-A487-82604AE2B313}.R2018|Any CPU.Build.0 = Release|Any CPU
		{DB811508-2F8E-42D1-A487-82604AE2B313}.R2018|x64.ActiveCfg = Release|Any CPU
		{DB811508-2F8E-42D1-A487-82604AE2B313}.R2018|x64.Build.0 = Release|Any CPU
		{DB811508-2F8E-42D1-A487-82604AE2B313}.R2019|Any CPU.ActiveCfg = Release|Any CPU
		{DB811508-2F8E-42D1-A487-82604AE2B313}.R2019|Any CPU.Build.0 = Release|Any CPU
		{DB811508-2F8E-42D1-A487-82604AE2B313}.R2019|x64.ActiveCfg = Release|Any CPU
		{DB811508-2F8E-42D1-A487-82604AE2B313}.R2019|x64.Build.0 = Release|Any CPU
		{DB811508-2F8E-42D1-A487-82604AE2B313}.R2020|Any CPU.ActiveCfg = Release|Any CPU
		{DB811508-2F8E-42D1-A487-82604AE2B313}.R2020|Any CPU.Build.0 = Release|Any CPU
		{DB811508-2F8E-42D1-A487-82604AE2B313}.R2020|x64.ActiveCfg = Release|Any CPU
		{DB811508-2F8E-42D1-A487-82604AE2B313}.R2020|x64.Build.0 = Release|Any CPU
		{DB811508-2F8E-42D1-A487-82604AE2B313}.Release|Any CPU.ActiveCfg = Release|Any CPU
		{DB811508-2F8E-42D1-A487-82604AE2B313}.Release|x64.ActiveCfg = Release|Any CPU
		{DB811508-2F8E-42D1-A487-82604AE2B313}.Release|x64.Build.0 = Release|Any CPU
	EndGlobalSection
	GlobalSection(SolutionProperties) = preSolution
		HideSolutionNode = FALSE
	EndGlobalSection
	GlobalSection(ExtensibilityGlobals) = postSolution
		SolutionGuid = {5639A692-3904-49B5-BF36-8840F1F1E7F2}
	EndGlobalSection
EndGlobal
